
Microsoft Visual Studio Solution File, Format Version 12.00
# Visual Studio Version 16
VisualStudioVersion = 16.0.31205.134
MinimumVisualStudioVersion = 10.0.40219.1
Project("{9A19103F-16F7-4668-BE54-9A1E7A4F7556}") = "HastaneOtomasyonuNetCore", "HastaneOtomasyonuNetCore\HastaneOtomasyonuNetCore.csproj", "{E922CC13-64B2-4606-9A81-69AE3CBDC67F}"
EndProject
Project("{9A19103F-16F7-4668-BE54-9A1E7A4F7556}") = "AppCore", "AppCore\AppCore.csproj", "{1C87B8E6-4231-4D96-8F9D-579C2FE22146}"
EndProject
Project("{9A19103F-16F7-4668-BE54-9A1E7A4F7556}") = "Business", "Business\Business.csproj", "{F17E5158-5019-4E1E-8E48-9A191880C325}"
EndProject
Project("{9A19103F-16F7-4668-BE54-9A1E7A4F7556}") = "DataAccess", "DataAccess\DataAccess.csproj", "{0C4F3127-8AED-4269-8DC7-686CB5BDCA8A}"
EndProject
Project("{9A19103F-16F7-4668-BE54-9A1E7A4F7556}") = "Entities", "Entities\Entities.csproj", "{B2F9947C-513F-47BA-8355-06AAFF3C4B5B}"
EndProject
Global
	GlobalSection(SolutionConfigurationPlatforms) = preSolution
		Debug|Any CPU = Debug|Any CPU
		Release|Any CPU = Release|Any CPU
	EndGlobalSection
	GlobalSection(ProjectConfigurationPlatforms) = postSolution
		{E922CC13-64B2-4606-9A81-69AE3CBDC67F}.Debug|Any CPU.ActiveCfg = Debug|Any CPU
		{E922CC13-64B2-4606-9A81-69AE3CBDC67F}.Debug|Any CPU.Build.0 = Debug|Any CPU
		{E922CC13-64B2-4606-9A81-69AE3CBDC67F}.Release|Any CPU.ActiveCfg = Release|Any CPU
		{E922CC13-64B2-4606-9A81-69AE3CBDC67F}.Release|Any CPU.Build.0 = Release|Any CPU
		{1C87B8E6-4231-4D96-8F9D-579C2FE22146}.Debug|Any CPU.ActiveCfg = Debug|Any CPU
		{1C87B8E6-4231-4D96-8F9D-579C2FE22146}.Debug|Any CPU.Build.0 = Debug|Any CPU
		{1C87B8E6-4231-4D96-8F9D-579C2FE22146}.Release|Any CPU.ActiveCfg = Release|Any CPU
		{1C87B8E6-4231-4D96-8F9D-579C2FE22146}.Release|Any CPU.Build.0 = Release|Any CPU
		{F17E5158-5019-4E1E-8E48-9A191880C325}.Debug|Any CPU.ActiveCfg = Debug|Any CPU
		{F17E5158-5019-4E1E-8E48-9A191880C325}.Debug|Any CPU.Build.0 = Debug|Any CPU
		{F17E5158-5019-4E1E-8E48-9A191880C325}.Release|Any CPU.ActiveCfg = Release|Any CPU
		{F17E5158-5019-4E1E-8E48-9A191880C325}.Release|Any CPU.Build.0 = Release|Any CPU
		{0C4F3127-8AED-4269-8DC7-686CB5BDCA8A}.Debug|Any CPU.ActiveCfg = Debug|Any CPU
		{0C4F3127-8AED-4269-8DC7-686CB5BDCA8A}.Debug|Any CPU.Build.0 = Debug|Any CPU
		{0C4F3127-8AED-4269-8DC7-686CB5BDCA8A}.Release|Any CPU.ActiveCfg = Release|Any CPU
		{0C4F3127-8AED-4269-8DC7-686CB5BDCA8A}.Release|Any CPU.Build.0 = Release|Any CPU
		{B2F9947C-513F-47BA-8355-06AAFF3C4B5B}.Debug|Any CPU.ActiveCfg = Debug|Any CPU
		{B2F9947C-513F-47BA-8355-06AAFF3C4B5B}.Debug|Any CPU.Build.0 = Debug|Any CPU
		{B2F9947C-513F-47BA-8355-06AAFF3C4B5B}.Release|Any CPU.ActiveCfg = Release|Any CPU
		{B2F9947C-513F-47BA-8355-06AAFF3C4B5B}.Release|Any CPU.Build.0 = Release|Any CPU
	EndGlobalSection
	GlobalSection(SolutionProperties) = preSolution
		HideSolutionNode = FALSE
	EndGlobalSection
	GlobalSection(ExtensibilityGlobals) = postSolution
		SolutionGuid = {092DA93C-1C95-4820-85C2-128F0B811E09}
	EndGlobalSection
EndGlobal
